<?xml version="1.0" encoding="utf-8"?>
<Project ToolsVersion="4.0" xmlns="http://schemas.microsoft.com/developer/msbuild/2003">
  <ItemGroup>
    <Filter Include="Sources">
      <UniqueIdentifier>{5e035750-a9b3-4f4a-bbad-03f8d9234998}</UniqueIdentifier>
    </Filter>
    <Filter Include="Headers">
      <UniqueIdentifier>{6b4f0f5a-f8da-4da9-8fa0-32ca40ebd07b}</UniqueIdentifier>
    </Filter>
    <Filter Include="Resources">
      <UniqueIdentifier>{618ac633-3d97-4a79-81be-15cce1a4ced9}</UniqueIdentifier>
    </Filter>
  </ItemGroup>
  <ItemGroup>
    <ClCompile Include="HMI.CPP">
      <Filter>Sources</Filter>
    </ClCompile>
    <ClCompile Include="PrintComm.cpp">
      <Filter>Sources</Filter>
    </ClCompile>
    <ClCompile Include="SerialComm.cpp">
      <Filter>Sources</Filter>
    </ClCompile>
    <ClCompile Include="TCPIPComm.cpp">
      <Filter>Sources</Filter>
    </ClCompile>
  </ItemGroup>
  <ItemGroup>
    <ClInclude Include="machcomm.h">
      <Filter>Headers</Filter>
    </ClInclude>
    <ClInclude Include="PrintComm.h">
      <Filter>Headers</Filter>
    </ClInclude>
    <ClInclude Include="SerialComm.h">
      <Filter>Headers</Filter>
    </ClInclude>
    <ClInclude Include="TCPIPComm.h">
      <Filter>Headers</Filter>
    </ClInclude>
  </ItemGroup>
</Project>