<?xml version="1.0" encoding="utf-8"?>
<Project ToolsVersion="4.0" xmlns="http://schemas.microsoft.com/developer/msbuild/2003">
  <ItemGroup>
    <Filter Include="Sources">
      <UniqueIdentifier>{b77edf84-3a77-42ff-9211-f728d66a3a38}</UniqueIdentifier>
    </Filter>
    <Filter Include="Headers">
      <UniqueIdentifier>{3d15369b-3e11-4974-bfe8-fbf0c0bb9845}</UniqueIdentifier>
    </Filter>
    <Filter Include="Resources">
      <UniqueIdentifier>{cbe5aa06-0b5d-47a2-84c4-7495e5ad5e1a}</UniqueIdentifier>
    </Filter>
  </ItemGroup>
  <ItemGroup>
    <ClCompile Include="HMI.CPP">
      <Filter>Sources</Filter>
    </ClCompile>
    <ClCompile Include="PrintComm.cpp">
      <Filter>Sources</Filter>
    </ClCompile>
    <ClCompile Include="SerialComm.cpp">
      <Filter>Sources</Filter>
    </ClCompile>
  </ItemGroup>
  <ItemGroup>
    <ClInclude Include="machcomm.h">
      <Filter>Headers</Filter>
    </ClInclude>
    <ClInclude Include="PrintComm.h">
      <Filter>Headers</Filter>
    </ClInclude>
    <ClInclude Include="SerialComm.h">
      <Filter>Headers</Filter>
    </ClInclude>
  </ItemGroup>
</Project>