<?xml version="1.0" encoding="utf-8"?>
<Project ToolsVersion="4.0" xmlns="http://schemas.microsoft.com/developer/msbuild/2003">
  <ItemGroup>
    <Filter Include="Sources">
      <UniqueIdentifier>{223de42b-eef6-40ef-b81e-0e87e16e894b}</UniqueIdentifier>
    </Filter>
    <Filter Include="Headers">
      <UniqueIdentifier>{4858d7a6-ee6f-4950-9dee-b42ceccc39fe}</UniqueIdentifier>
    </Filter>
    <Filter Include="Resources">
      <UniqueIdentifier>{0b4d3b56-76b5-4b21-bde5-653c5a244683}</UniqueIdentifier>
    </Filter>
  </ItemGroup>
  <ItemGroup>
    <ClCompile Include="HMI.CPP">
      <Filter>Sources</Filter>
    </ClCompile>
    <ClCompile Include="PrintComm.cpp">
      <Filter>Sources</Filter>
    </ClCompile>
    <ClCompile Include="SerialComm.cpp">
      <Filter>Sources</Filter>
    </ClCompile>
  </ItemGroup>
  <ItemGroup>
    <ClInclude Include="machcomm.h">
      <Filter>Headers</Filter>
    </ClInclude>
    <ClInclude Include="PrintComm.h">
      <Filter>Headers</Filter>
    </ClInclude>
    <ClInclude Include="SerialComm.h">
      <Filter>Headers</Filter>
    </ClInclude>
  </ItemGroup>
</Project>