
Microsoft Visual Studio Solution File, Format Version 12.00
# Visual Studio 14
VisualStudioVersion = 14.0.25420.1
MinimumVisualStudioVersion = 10.0.40219.1
Project("{FAE04EC0-301F-11D3-BF4B-00C04F79EFBC}") = "Zanasi4700", "Mensor6100_Monitor\Zanasi4700.csproj", "{C169EC12-B178-4B02-A7BB-888694A4EAD9}"
EndProject
Global
	GlobalSection(SolutionConfigurationPlatforms) = preSolution
		Debug|Any CPU = Debug|Any CPU
		Release|Any CPU = Release|Any CPU
	EndGlobalSection
	GlobalSection(ProjectConfigurationPlatforms) = postSolution
		{C169EC12-B178-4B02-A7BB-888694A4EAD9}.Debug|Any CPU.ActiveCfg = Debug|Any CPU
		{C169EC12-B178-4B02-A7BB-888694A4EAD9}.Debug|Any CPU.Build.0 = Debug|Any CPU
		{C169EC12-B178-4B02-A7BB-888694A4EAD9}.Release|Any CPU.ActiveCfg = Release|Any CPU
		{C169EC12-B178-4B02-A7BB-888694A4EAD9}.Release|Any CPU.Build.0 = Release|Any CPU
	EndGlobalSection
	GlobalSection(SolutionProperties) = preSolution
		HideSolutionNode = FALSE
	EndGlobalSection
	GlobalSection(ExtensibilityGlobals) = postSolution
		SolutionGuid = {8A1B144C-E652-427C-BE76-CD74053A8CBA}
	EndGlobalSection
EndGlobal
